
Microsoft Visual Studio Solution File, Format Version 12.00
# Visual Studio Version 17
VisualStudioVersion = 17.9.34728.123
MinimumVisualStudioVersion = 10.0.40219.1
Project("{9A19103F-16F7-4668-BE54-9A1E7A4F7556}") = "CollegeBooks.Api", "CollegeBooks.Api\CollegeBooks.Api.csproj", "{48DFCA4B-F6F0-43C2-83ED-0443FE1D8DBA}"
EndProject
Project("{2150E333-8FDC-42A3-9474-1A3956D46DE8}") = "CollegeBooks.Tests", "CollegeBooks.Tests", "{956C79F6-B09B-49A5-932D-5FDDEBCE5FE6}"
EndProject
Project("{9A19103F-16F7-4668-BE54-9A1E7A4F7556}") = "CollegeBooks.Data", "CollegeBooks.Data\CollegeBooks.Data\CollegeBooks.Data.csproj", "{2B663AE4-FEC0-43B2-9878-526FB6E7B38E}"
EndProject
Project("{9A19103F-16F7-4668-BE54-9A1E7A4F7556}") = "CollegeBooks.Logic", "CollegeBooks.Logic\CollegeBooks.Logic\CollegeBooks.Logic\CollegeBooks.Logic.csproj", "{5B8488EE-1706-44B0-BDB6-E02D3CD50E66}"
EndProject
Project("{9A19103F-16F7-4668-BE54-9A1E7A4F7556}") = "CollegeBooks.UnitTests", "CollegeBooks.Tests\CollegeBooks.UnitTests\CollegeBooks.UnitTests.csproj", "{B09216DE-6FCD-4643-9437-BA4B2C47D6C4}"
EndProject
Project("{9A19103F-16F7-4668-BE54-9A1E7A4F7556}") = "CollegeBooks.CommonTests", "CollegeBooks.Tests\CollegeBooks.Common\CollegeBooks.CommonTests.csproj", "{257EE84F-5374-44E2-B7D0-62C1D51F37A1}"
EndProject
Global
	GlobalSection(SolutionConfigurationPlatforms) = preSolution
		Debug|Any CPU = Debug|Any CPU
		Release|Any CPU = Release|Any CPU
	EndGlobalSection
	GlobalSection(ProjectConfigurationPlatforms) = postSolution
		{48DFCA4B-F6F0-43C2-83ED-0443FE1D8DBA}.Debug|Any CPU.ActiveCfg = Debug|Any CPU
		{48DFCA4B-F6F0-43C2-83ED-0443FE1D8DBA}.Debug|Any CPU.Build.0 = Debug|Any CPU
		{48DFCA4B-F6F0-43C2-83ED-0443FE1D8DBA}.Release|Any CPU.ActiveCfg = Release|Any CPU
		{48DFCA4B-F6F0-43C2-83ED-0443FE1D8DBA}.Release|Any CPU.Build.0 = Release|Any CPU
		{2B663AE4-FEC0-43B2-9878-526FB6E7B38E}.Debug|Any CPU.ActiveCfg = Debug|Any CPU
		{2B663AE4-FEC0-43B2-9878-526FB6E7B38E}.Debug|Any CPU.Build.0 = Debug|Any CPU
		{2B663AE4-FEC0-43B2-9878-526FB6E7B38E}.Release|Any CPU.ActiveCfg = Release|Any CPU
		{2B663AE4-FEC0-43B2-9878-526FB6E7B38E}.Release|Any CPU.Build.0 = Release|Any CPU
		{5B8488EE-1706-44B0-BDB6-E02D3CD50E66}.Debug|Any CPU.ActiveCfg = Debug|Any CPU
		{5B8488EE-1706-44B0-BDB6-E02D3CD50E66}.Debug|Any CPU.Build.0 = Debug|Any CPU
		{5B8488EE-1706-44B0-BDB6-E02D3CD50E66}.Release|Any CPU.ActiveCfg = Release|Any CPU
		{5B8488EE-1706-44B0-BDB6-E02D3CD50E66}.Release|Any CPU.Build.0 = Release|Any CPU
		{B09216DE-6FCD-4643-9437-BA4B2C47D6C4}.Debug|Any CPU.ActiveCfg = Debug|Any CPU
		{B09216DE-6FCD-4643-9437-BA4B2C47D6C4}.Debug|Any CPU.Build.0 = Debug|Any CPU
		{B09216DE-6FCD-4643-9437-BA4B2C47D6C4}.Release|Any CPU.ActiveCfg = Release|Any CPU
		{B09216DE-6FCD-4643-9437-BA4B2C47D6C4}.Release|Any CPU.Build.0 = Release|Any CPU
		{257EE84F-5374-44E2-B7D0-62C1D51F37A1}.Debug|Any CPU.ActiveCfg = Debug|Any CPU
		{257EE84F-5374-44E2-B7D0-62C1D51F37A1}.Debug|Any CPU.Build.0 = Debug|Any CPU
		{257EE84F-5374-44E2-B7D0-62C1D51F37A1}.Release|Any CPU.ActiveCfg = Release|Any CPU
		{257EE84F-5374-44E2-B7D0-62C1D51F37A1}.Release|Any CPU.Build.0 = Release|Any CPU
	EndGlobalSection
	GlobalSection(SolutionProperties) = preSolution
		HideSolutionNode = FALSE
	EndGlobalSection
	GlobalSection(NestedProjects) = preSolution
		{B09216DE-6FCD-4643-9437-BA4B2C47D6C4} = {956C79F6-B09B-49A5-932D-5FDDEBCE5FE6}
		{257EE84F-5374-44E2-B7D0-62C1D51F37A1} = {956C79F6-B09B-49A5-932D-5FDDEBCE5FE6}
	EndGlobalSection
	GlobalSection(ExtensibilityGlobals) = postSolution
		SolutionGuid = {911BA0DB-D207-4CF5-A11D-470B5AFAFDC7}
	EndGlobalSection
EndGlobal
